
Microsoft Visual Studio Solution File, Format Version 12.00
# Visual Studio Version 16
VisualStudioVersion = 16.0.29311.281
MinimumVisualStudioVersion = 10.0.40219.1
Project("{9A19103F-16F7-4668-BE54-9A1E7A4F7556}") = "BehindTheBuzzword.WpfCore", "BehindTheBuzzword.WpfCore\BehindTheBuzzword.WpfCore.csproj", "{0FD5F5C3-D5B4-4BB7-B634-110A9CD9572E}"
EndProject
Global
	GlobalSection(SolutionConfigurationPlatforms) = preSolution
		Debug|Any CPU = Debug|Any CPU
		Release|Any CPU = Release|Any CPU
	EndGlobalSection
	GlobalSection(ProjectConfigurationPlatforms) = postSolution
		{0FD5F5C3-D5B4-4BB7-B634-110A9CD9572E}.Debug|Any CPU.ActiveCfg = Debug|Any CPU
		{0FD5F5C3-D5B4-4BB7-B634-110A9CD9572E}.Debug|Any CPU.Build.0 = Debug|Any CPU
		{0FD5F5C3-D5B4-4BB7-B634-110A9CD9572E}.Release|Any CPU.ActiveCfg = Release|Any CPU
		{0FD5F5C3-D5B4-4BB7-B634-110A9CD9572E}.Release|Any CPU.Build.0 = Release|Any CPU
	EndGlobalSection
	GlobalSection(SolutionProperties) = preSolution
		HideSolutionNode = FALSE
	EndGlobalSection
	GlobalSection(ExtensibilityGlobals) = postSolution
		SolutionGuid = {B86100B4-ED65-4F61-9DE1-398B3D3C442D}
	EndGlobalSection
EndGlobal
